// !$*UTF8*$!
{
	archiveVersion = 1;
	classes = {
	};
	objectVersion = 46;
	objects = {

/* Begin PBXBuildFile section */
		C59984C31BF320B4004F922B /* main.m in Sources */ = {isa = PBXBuildFile; fileRef = C59984C21BF320B4004F922B /* main.m */; };
		C59984C61BF320B4004F922B /* AppDelegate.m in Sources */ = {isa = PBXBuildFile; fileRef = C59984C51BF320B4004F922B /* AppDelegate.m */; };
		C59984C91BF320B4004F922B /* ViewController.m in Sources */ = {isa = PBXBuildFile; fileRef = C59984C81BF320B4004F922B /* ViewController.m */; };
		C59984CC1BF320B4004F922B /* Main.storyboard in Resources */ = {isa = PBXBuildFile; fileRef = C59984CA1BF320B4004F922B /* Main.storyboard */; };
		C59984CE1BF320B4004F922B /* Images.xcassets in Resources */ = {isa = PBXBuildFile; fileRef = C59984CD1BF320B4004F922B /* Images.xcassets */; };
		C59984D11BF320B4004F922B /* LaunchScreen.xib in Resources */ = {isa = PBXBuildFile; fileRef = C59984CF1BF320B4004F922B /* LaunchScreen.xib */; };
		C59984DD1BF320B4004F922B /* GitDemoTests.m in Sources */ = {isa = PBXBuildFile; fileRef = C59984DC1BF320B4004F922B /* GitDemoTests.m */; };
		C59984F41BF330AA004F922B /* ViewControllerB.m in Sources */ = {isa = PBXBuildFile; fileRef = C59984F31BF330AA004F922B /* ViewControllerB.m */; };
		C59984ED1BF32958004F922B /* ViewControllerA.m in Sources */ = {isa = PBXBuildFile; fileRef = C59984EC1BF32958004F922B /* ViewControllerA.m */; };
/* End PBXBuildFile section */

/* Begin PBXContainerItemProxy section */
		C59984D71BF320B4004F922B /* PBXContainerItemProxy */ = {
			isa = PBXContainerItemProxy;
			containerPortal = C59984B51BF320B4004F922B /* Project object */;
			proxyType = 1;
			remoteGlobalIDString = C59984BC1BF320B4004F922B;
			remoteInfo = GitDemo;
		};
/* End PBXContainerItemProxy section */

/* Begin PBXFileReference section */
		C59984BD1BF320B4004F922B /* GitDemo.app */ = {isa = PBXFileReference; explicitFileType = wrapper.application; includeInIndex = 0; path = GitDemo.app; sourceTree = BUILT_PRODUCTS_DIR; };
		C59984C11BF320B4004F922B /* Info.plist */ = {isa = PBXFileReference; lastKnownFileType = text.plist.xml; path = Info.plist; sourceTree = "<group>"; };
		C59984C21BF320B4004F922B /* main.m */ = {isa = PBXFileReference; lastKnownFileType = sourcecode.c.objc; path = main.m; sourceTree = "<group>"; };
		C59984C41BF320B4004F922B /* AppDelegate.h */ = {isa = PBXFileReference; lastKnownFileType = sourcecode.c.h; path = AppDelegate.h; sourceTree = "<group>"; };
		C59984C51BF320B4004F922B /* AppDelegate.m */ = {isa = PBXFileReference; lastKnownFileType = sourcecode.c.objc; path = AppDelegate.m; sourceTree = "<group>"; };
		C59984C71BF320B4004F922B /* ViewController.h */ = {isa = PBXFileReference; lastKnownFileType = sourcecode.c.h; path = ViewController.h; sourceTree = "<group>"; };
		C59984C81BF320B4004F922B /* ViewController.m */ = {isa = PBXFileReference; lastKnownFileType = sourcecode.c.objc; path = ViewController.m; sourceTree = "<group>"; };
		C59984CB1BF320B4004F922B /* Base */ = {isa = PBXFileReference; lastKnownFileType = file.storyboard; name = Base; path = Base.lproj/Main.storyboard; sourceTree = "<group>"; };
		C59984CD1BF320B4004F922B /* Images.xcassets */ = {isa = PBXFileReference; lastKnownFileType = folder.assetcatalog; path = Images.xcassets; sourceTree = "<group>"; };
		C59984D01BF320B4004F922B /* Base */ = {isa = PBXFileReference; lastKnownFileType = file.xib; name = Base; path = Base.lproj/LaunchScreen.xib; sourceTree = "<group>"; };
		C59984D61BF320B4004F922B /* GitDemoTests.xctest */ = {isa = PBXFileReference; explicitFileType = wrapper.cfbundle; includeInIndex = 0; path = GitDemoTests.xctest; sourceTree = BUILT_PRODUCTS_DIR; };
		C59984DB1BF320B4004F922B /* Info.plist */ = {isa = PBXFileReference; lastKnownFileType = text.plist.xml; path = Info.plist; sourceTree = "<group>"; };
		C59984DC1BF320B4004F922B /* GitDemoTests.m */ = {isa = PBXFileReference; lastKnownFileType = sourcecode.c.objc; path = GitDemoTests.m; sourceTree = "<group>"; };
		C59984F21BF330AA004F922B /* ViewControllerB.h */ = {isa = PBXFileReference; fileEncoding = 4; lastKnownFileType = sourcecode.c.h; path = ViewControllerB.h; sourceTree = "<group>"; };
		C59984F31BF330AA004F922B /* ViewControllerB.m */ = {isa = PBXFileReference; fileEncoding = 4; lastKnownFileType = sourcecode.c.objc; path = ViewControllerB.m; sourceTree = "<group>"; };
		C59984EB1BF32958004F922B /* ViewControllerA.h */ = {isa = PBXFileReference; fileEncoding = 4; lastKnownFileType = sourcecode.c.h; path = ViewControllerA.h; sourceTree = "<group>"; };
		C59984EC1BF32958004F922B /* ViewControllerA.m */ = {isa = PBXFileReference; fileEncoding = 4; lastKnownFileType = sourcecode.c.objc; path = ViewControllerA.m; sourceTree = "<group>"; };
/* End PBXFileReference section */

/* Begin PBXFrameworksBuildPhase section */
		C59984BA1BF320B4004F922B /* Frameworks */ = {
			isa = PBXFrameworksBuildPhase;
			buildActionMask = 2147483647;
			files = (
			);
			runOnlyForDeploymentPostprocessing = 0;
		};
		C59984D31BF320B4004F922B /* Frameworks */ = {
			isa = PBXFrameworksBuildPhase;
			buildActionMask = 2147483647;
			files = (
			);
			runOnlyForDeploymentPostprocessing = 0;
		};
/* End PBXFrameworksBuildPhase section */

/* Begin PBXGroup section */
		C59984B41BF320B4004F922B = {
			isa = PBXGroup;
			children = (
				C59984BF1BF320B4004F922B /* GitDemo */,
				C59984D91BF320B4004F922B /* GitDemoTests */,
				C59984BE1BF320B4004F922B /* Products */,
			);
			sourceTree = "<group>";
		};
		C59984BE1BF320B4004F922B /* Products */ = {
			isa = PBXGroup;
			children = (
				C59984BD1BF320B4004F922B /* GitDemo.app */,
				C59984D61BF320B4004F922B /* GitDemoTests.xctest */,
			);
			name = Products;
			sourceTree = "<group>";
		};
		C59984BF1BF320B4004F922B /* GitDemo */ = {
			isa = PBXGroup;
			children = (
				C59984EA1BF32942004F922B /* a */,
				C59984C41BF320B4004F922B /* AppDelegate.h */,
				C59984C51BF320B4004F922B /* AppDelegate.m */,
				C59984C71BF320B4004F922B /* ViewController.h */,
				C59984C81BF320B4004F922B /* ViewController.m */,
				C59984CA1BF320B4004F922B /* Main.storyboard */,
				C59984CD1BF320B4004F922B /* Images.xcassets */,
				C59984CF1BF320B4004F922B /* LaunchScreen.xib */,
				C59984C01BF320B4004F922B /* Supporting Files */,
				C59984F21BF330AA004F922B /* ViewControllerB.h */,
				C59984F31BF330AA004F922B /* ViewControllerB.m */,
			);
			path = GitDemo;
			sourceTree = "<group>";
		};
		C59984C01BF320B4004F922B /* Supporting Files */ = {
			isa = PBXGroup;
			children = (
				C59984C11BF320B4004F922B /* Info.plist */,
				C59984C21BF320B4004F922B /* main.m */,
			);
			name = "Supporting Files";
			sourceTree = "<group>";
		};
		C59984D91BF320B4004F922B /* GitDemoTests */ = {
			isa = PBXGroup;
			children = (
				C59984DC1BF320B4004F922B /* GitDemoTests.m */,
				C59984DA1BF320B4004F922B /* Supporting Files */,
			);
			path = GitDemoTests;
			sourceTree = "<group>";
		};
		C59984DA1BF320B4004F922B /* Supporting Files */ = {
			isa = PBXGroup;
			children = (
				C59984DB1BF320B4004F922B /* Info.plist */,
			);
			name = "Supporting Files";
			sourceTree = "<group>";
		};
		C59984EA1BF32942004F922B /* a */ = {
			isa = PBXGroup;
			children = (
				C59984EB1BF32958004F922B /* ViewControllerA.h */,
				C59984EC1BF32958004F922B /* ViewControllerA.m */,
			);
			name = a;
			sourceTree = "<group>";
		};
/* End PBXGroup section */

/* Begin PBXNativeTarget section */
		C59984BC1BF320B4004F922B /* GitDemo */ = {
			isa = PBXNativeTarget;
			buildConfigurationList = C59984E01BF320B4004F922B /* Build configuration list for PBXNativeTarget "GitDemo" */;
			buildPhases = (
				C59984B91BF320B4004F922B /* Sources */,
				C59984BA1BF320B4004F922B /* Frameworks */,
				C59984BB1BF320B4004F922B /* Resources */,
			);
			buildRules = (
			);
			dependencies = (
			);
			name = GitDemo;
			productName = GitDemo;
			productReference = C59984BD1BF320B4004F922B /* GitDemo.app */;
			productType = "com.apple.product-type.application";
		};
		C59984D51BF320B4004F922B /* GitDemoTests */ = {
			isa = PBXNativeTarget;
			buildConfigurationList = C59984E31BF320B4004F922B /* Build configuration list for PBXNativeTarget "GitDemoTests" */;
			buildPhases = (
				C59984D21BF320B4004F922B /* Sources */,
				C59984D31BF320B4004F922B /* Frameworks */,
				C59984D41BF320B4004F922B /* Resources */,
			);
			buildRules = (
			);
			dependencies = (
				C59984D81BF320B4004F922B /* PBXTargetDependency */,
			);
			name = GitDemoTests;
			productName = GitDemoTests;
			productReference = C59984D61BF320B4004F922B /* GitDemoTests.xctest */;
			productType = "com.apple.product-type.bundle.unit-test";
		};
/* End PBXNativeTarget section */

/* Begin PBXProject section */
		C59984B51BF320B4004F922B /* Project object */ = {
			isa = PBXProject;
			attributes = {
				LastUpgradeCheck = 0640;
				ORGANIZATIONNAME = WangXianLei;
				TargetAttributes = {
					C59984BC1BF320B4004F922B = {
						CreatedOnToolsVersion = 6.4;
					};
					C59984D51BF320B4004F922B = {
						CreatedOnToolsVersion = 6.4;
						TestTargetID = C59984BC1BF320B4004F922B;
					};
				};
			};
			buildConfigurationList = C59984B81BF320B4004F922B /* Build configuration list for PBXProject "GitDemo" */;
			compatibilityVersion = "Xcode 3.2";
			developmentRegion = English;
			hasScannedForEncodings = 0;
			knownRegions = (
				en,
				Base,
			);
			mainGroup = C59984B41BF320B4004F922B;
			productRefGroup = C59984BE1BF320B4004F922B /* Products */;
			projectDirPath = "";
			projectRoot = "";
			targets = (
				C59984BC1BF320B4004F922B /* GitDemo */,
				C59984D51BF320B4004F922B /* GitDemoTests */,
			);
		};
/* End PBXProject section */

/* Begin PBXResourcesBuildPhase section */
		C59984BB1BF320B4004F922B /* Resources */ = {
			isa = PBXResourcesBuildPhase;
			buildActionMask = 2147483647;
			files = (
				C59984CC1BF320B4004F922B /* Main.storyboard in Resources */,
				C59984D11BF320B4004F922B /* LaunchScreen.xib in Resources */,
				C59984CE1BF320B4004F922B /* Images.xcassets in Resources */,
			);
			runOnlyForDeploymentPostprocessing = 0;
		};
		C59984D41BF320B4004F922B /* Resources */ = {
			isa = PBXResourcesBuildPhase;
			buildActionMask = 2147483647;
			files = (
			);
			runOnlyForDeploymentPostprocessing = 0;
		};
/* End PBXResourcesBuildPhase section */

/* Begin PBXSourcesBuildPhase section */
		C59984B91BF320B4004F922B /* Sources */ = {
			isa = PBXSourcesBuildPhase;
			buildActionMask = 2147483647;
			files = (
				C59984ED1BF32958004F922B /* ViewControllerA.m in Sources */,
				C59984C91BF320B4004F922B /* ViewController.m in Sources */,
				C59984F41BF330AA004F922B /* ViewControllerB.m in Sources */,
				C59984C61BF320B4004F922B /* AppDelegate.m in Sources */,
				C59984C31BF320B4004F922B /* main.m in Sources */,
			);
			runOnlyForDeploymentPostprocessing = 0;
		};
		C59984D21BF320B4004F922B /* Sources */ = {
			isa = PBXSourcesBuildPhase;
			buildActionMask = 2147483647;
			files = (
				C59984DD1BF320B4004F922B /* GitDemoTests.m in Sources */,
			);
			runOnlyForDeploymentPostprocessing = 0;
		};
/* End PBXSourcesBuildPhase section */

/* Begin PBXTargetDependency section */
		C59984D81BF320B4004F922B /* PBXTargetDependency */ = {
			isa = PBXTargetDependency;
			target = C59984BC1BF320B4004F922B /* GitDemo */;
			targetProxy = C59984D71BF320B4004F922B /* PBXContainerItemProxy */;
		};
/* End PBXTargetDependency section */

/* Begin PBXVariantGroup section */
		C59984CA1BF320B4004F922B /* Main.storyboard */ = {
			isa = PBXVariantGroup;
			children = (
				C59984CB1BF320B4004F922B /* Base */,
			);
			name = Main.storyboard;
			sourceTree = "<group>";
		};
		C59984CF1BF320B4004F922B /* LaunchScreen.xib */ = {
			isa = PBXVariantGroup;
			children = (
				C59984D01BF320B4004F922B /* Base */,
			);
			name = LaunchScreen.xib;
			sourceTree = "<group>";
		};
/* End PBXVariantGroup section */

/* Begin XCBuildConfiguration section */
		C59984DE1BF320B4004F922B /* Debug */ = {
			isa = XCBuildConfiguration;
			buildSettings = {
				ALWAYS_SEARCH_USER_PATHS = NO;
				CLANG_CXX_LANGUAGE_STANDARD = "gnu++0x";
				CLANG_CXX_LIBRARY = "libc++";
				CLANG_ENABLE_MODULES = YES;
				CLANG_ENABLE_OBJC_ARC = YES;
				CLANG_WARN_BOOL_CONVERSION = YES;
				CLANG_WARN_CONSTANT_CONVERSION = YES;
				CLANG_WARN_DIRECT_OBJC_ISA_USAGE = YES_ERROR;
				CLANG_WARN_EMPTY_BODY = YES;
				CLANG_WARN_ENUM_CONVERSION = YES;
				CLANG_WARN_INT_CONVERSION = YES;
				CLANG_WARN_OBJC_ROOT_CLASS = YES_ERROR;
				CLANG_WARN_UNREACHABLE_CODE = YES;
				CLANG_WARN__DUPLICATE_METHOD_MATCH = YES;
				"CODE_SIGN_IDENTITY[sdk=iphoneos*]" = "iPhone Developer";
				COPY_PHASE_STRIP = NO;
				DEBUG_INFORMATION_FORMAT = "dwarf-with-dsym";
				ENABLE_STRICT_OBJC_MSGSEND = YES;
				GCC_C_LANGUAGE_STANDARD = gnu99;
				GCC_DYNAMIC_NO_PIC = NO;
				GCC_NO_COMMON_BLOCKS = YES;
				GCC_OPTIMIZATION_LEVEL = 0;
				GCC_PREPROCESSOR_DEFINITIONS = (
					"DEBUG=1",
					"$(inherited)",
				);
				GCC_SYMBOLS_PRIVATE_EXTERN = NO;
				GCC_WARN_64_TO_32_BIT_CONVERSION = YES;
				GCC_WARN_ABOUT_RETURN_TYPE = YES_ERROR;
				GCC_WARN_UNDECLARED_SELECTOR = YES;
				GCC_WARN_UNINITIALIZED_AUTOS = YES_AGGRESSIVE;
				GCC_WARN_UNUSED_FUNCTION = YES;
				GCC_WARN_UNUSED_VARIABLE = YES;
				IPHONEOS_DEPLOYMENT_TARGET = 8.4;
				MTL_ENABLE_DEBUG_INFO = YES;
				ONLY_ACTIVE_ARCH = YES;
				SDKROOT = iphoneos;
				TARGETED_DEVICE_FAMILY = "1,2";
			};
			name = Debug;
		};
		C59984DF1BF320B4004F922B /* Release */ = {
			isa = XCBuildConfiguration;
			buildSettings = {
				ALWAYS_SEARCH_USER_PATHS = NO;
				CLANG_CXX_LANGUAGE_STANDARD = "gnu++0x";
				CLANG_CXX_LIBRARY = "libc++";
				CLANG_ENABLE_MODULES = YES;
				CLANG_ENABLE_OBJC_ARC = YES;
				CLANG_WARN_BOOL_CONVERSION = YES;
				CLANG_WARN_CONSTANT_CONVERSION = YES;
				CLANG_WARN_DIRECT_OBJC_ISA_USAGE = YES_ERROR;
				CLANG_WARN_EMPTY_BODY = YES;
				CLANG_WARN_ENUM_CONVERSION = YES;
				CLANG_WARN_INT_CONVERSION = YES;
				CLANG_WARN_OBJC_ROOT_CLASS = YES_ERROR;
				CLANG_WARN_UNREACHABLE_CODE = YES;
				CLANG_WARN__DUPLICATE_METHOD_MATCH = YES;
				"CODE_SIGN_IDENTITY[sdk=iphoneos*]" = "iPhone Developer";
				COPY_PHASE_STRIP = NO;
				DEBUG_INFORMATION_FORMAT = "dwarf-with-dsym";
				ENABLE_NS_ASSERTIONS = NO;
				ENABLE_STRICT_OBJC_MSGSEND = YES;
				GCC_C_LANGUAGE_STANDARD = gnu99;
				GCC_NO_COMMON_BLOCKS = YES;
				GCC_WARN_64_TO_32_BIT_CONVERSION = YES;
				GCC_WARN_ABOUT_RETURN_TYPE = YES_ERROR;
				GCC_WARN_UNDECLARED_SELECTOR = YES;
				GCC_WARN_UNINITIALIZED_AUTOS = YES_AGGRESSIVE;
				GCC_WARN_UNUSED_FUNCTION = YES;
				GCC_WARN_UNUSED_VARIABLE = YES;
				IPHONEOS_DEPLOYMENT_TARGET = 8.4;
				MTL_ENABLE_DEBUG_INFO = NO;
				SDKROOT = iphoneos;
				TARGETED_DEVICE_FAMILY = "1,2";
				VALIDATE_PRODUCT = YES;
			};
			name = Release;
		};
		C59984E11BF320B4004F922B /* Debug */ = {
			isa = XCBuildConfiguration;
			buildSettings = {
				ASSETCATALOG_COMPILER_APPICON_NAME = AppIcon;
				INFOPLIST_FILE = GitDemo/Info.plist;
				LD_RUNPATH_SEARCH_PATHS = "$(inherited) @executable_path/Frameworks";
				PRODUCT_NAME = "$(TARGET_NAME)";
			};
			name = Debug;
		};
		C59984E21BF320B4004F922B /* Release */ = {
			isa = XCBuildConfiguration;
			buildSettings = {
				ASSETCATALOG_COMPILER_APPICON_NAME = AppIcon;
				INFOPLIST_FILE = GitDemo/Info.plist;
				LD_RUNPATH_SEARCH_PATHS = "$(inherited) @executable_path/Frameworks";
				PRODUCT_NAME = "$(TARGET_NAME)";
			};
			name = Release;
		};
		C59984E41BF320B4004F922B /* Debug */ = {
			isa = XCBuildConfiguration;
			buildSettings = {
				BUNDLE_LOADER = "$(TEST_HOST)";
				FRAMEWORK_SEARCH_PATHS = (
					"$(SDKROOT)/Developer/Library/Frameworks",
					"$(inherited)",
				);
				GCC_PREPROCESSOR_DEFINITIONS = (
					"DEBUG=1",
					"$(inherited)",
				);
				INFOPLIST_FILE = GitDemoTests/Info.plist;
				LD_RUNPATH_SEARCH_PATHS = "$(inherited) @executable_path/Frameworks @loader_path/Frameworks";
				PRODUCT_NAME = "$(TARGET_NAME)";
				TEST_HOST = "$(BUILT_PRODUCTS_DIR)/GitDemo.app/GitDemo";
			};
			name = Debug;
		};
		C59984E51BF320B4004F922B /* Release */ = {
			isa = XCBuildConfiguration;
			buildSettings = {
				BUNDLE_LOADER = "$(TEST_HOST)";
				FRAMEWORK_SEARCH_PATHS = (
					"$(SDKROOT)/Developer/Library/Frameworks",
					"$(inherited)",
				);
				INFOPLIST_FILE = GitDemoTests/Info.plist;
				LD_RUNPATH_SEARCH_PATHS = "$(inherited) @executable_path/Frameworks @loader_path/Frameworks";
				PRODUCT_NAME = "$(TARGET_NAME)";
				TEST_HOST = "$(BUILT_PRODUCTS_DIR)/GitDemo.app/GitDemo";
			};
			name = Release;
		};
/* End XCBuildConfiguration section */

/* Begin XCConfigurationList section */
		C59984B81BF320B4004F922B /* Build configuration list for PBXProject "GitDemo" */ = {
			isa = XCConfigurationList;
			buildConfigurations = (
				C59984DE1BF320B4004F922B /* Debug */,
				C59984DF1BF320B4004F922B /* Release */,
			);
			defaultConfigurationIsVisible = 0;
			defaultConfigurationName = Release;
		};
		C59984E01BF320B4004F922B /* Build configuration list for PBXNativeTarget "GitDemo" */ = {
			isa = XCConfigurationList;
			buildConfigurations = (
				C59984E11BF320B4004F922B /* Debug */,
				C59984E21BF320B4004F922B /* Release */,
			);
			defaultConfigurationIsVisible = 0;
			defaultConfigurationName = Release;
		};
		C59984E31BF320B4004F922B /* Build configuration list for PBXNativeTarget "GitDemoTests" */ = {
			isa = XCConfigurationList;
			buildConfigurations = (
				C59984E41BF320B4004F922B /* Debug */,
				C59984E51BF320B4004F922B /* Release */,
			);
			defaultConfigurationIsVisible = 0;
			defaultConfigurationName = Release;
		};
/* End XCConfigurationList section */
	};
	rootObject = C59984B51BF320B4004F922B /* Project object */;
}
